
Microsoft Visual Studio Solution File, Format Version 12.00
# Visual Studio Version 17
VisualStudioVersion = 17.6.33723.286
MinimumVisualStudioVersion = 10.0.40219.1
Project("{9A19103F-16F7-4668-BE54-9A1E7A4F7556}") = "DataStructure", "DataStructure\DataStructure.csproj", "{21D0174F-58AD-4D34-82C5-D3FC6B5EAABA}"
EndProject
Project("{9A19103F-16F7-4668-BE54-9A1E7A4F7556}") = "StackBasedArray", "StackBasedArray\StackBasedArray.csproj", "{A07D2F8D-7F78-4089-9FB9-575A16997BDA}"
EndProject
Project("{9A19103F-16F7-4668-BE54-9A1E7A4F7556}") = "StackBasedLinkedList", "StackBasedLinkedList\StackBasedLinkedList.csproj", "{E08DF98B-FEAB-4ED1-A769-7A4B957E6E52}"
EndProject
Project("{9A19103F-16F7-4668-BE54-9A1E7A4F7556}") = "QueueBasedArray", "QueueBasedArray\QueueBasedArray.csproj", "{1A561232-2A2C-4BDA-A053-E23CB0885580}"
EndProject
Project("{9A19103F-16F7-4668-BE54-9A1E7A4F7556}") = "SingleLinkedList", "SingleLinkedList\SingleLinkedList.csproj", "{50197DE3-47E9-48ED-B70E-8BAC531F253D}"
EndProject
Project("{FAE04EC0-301F-11D3-BF4B-00C04F79EFBC}") = "DoublyLinkedList", "DoublyLinkedList\DoublyLinkedList.csproj", "{7C6E2C3C-EE1C-4787-B632-EDD1082AF21A}"
EndProject
Global
	GlobalSection(SolutionConfigurationPlatforms) = preSolution
		Debug|Any CPU = Debug|Any CPU
		Release|Any CPU = Release|Any CPU
	EndGlobalSection
	GlobalSection(ProjectConfigurationPlatforms) = postSolution
		{21D0174F-58AD-4D34-82C5-D3FC6B5EAABA}.Debug|Any CPU.ActiveCfg = Debug|Any CPU
		{21D0174F-58AD-4D34-82C5-D3FC6B5EAABA}.Debug|Any CPU.Build.0 = Debug|Any CPU
		{21D0174F-58AD-4D34-82C5-D3FC6B5EAABA}.Release|Any CPU.ActiveCfg = Release|Any CPU
		{21D0174F-58AD-4D34-82C5-D3FC6B5EAABA}.Release|Any CPU.Build.0 = Release|Any CPU
		{A07D2F8D-7F78-4089-9FB9-575A16997BDA}.Debug|Any CPU.ActiveCfg = Debug|Any CPU
		{A07D2F8D-7F78-4089-9FB9-575A16997BDA}.Debug|Any CPU.Build.0 = Debug|Any CPU
		{A07D2F8D-7F78-4089-9FB9-575A16997BDA}.Release|Any CPU.ActiveCfg = Release|Any CPU
		{A07D2F8D-7F78-4089-9FB9-575A16997BDA}.Release|Any CPU.Build.0 = Release|Any CPU
		{E08DF98B-FEAB-4ED1-A769-7A4B957E6E52}.Debug|Any CPU.ActiveCfg = Debug|Any CPU
		{E08DF98B-FEAB-4ED1-A769-7A4B957E6E52}.Debug|Any CPU.Build.0 = Debug|Any CPU
		{E08DF98B-FEAB-4ED1-A769-7A4B957E6E52}.Release|Any CPU.ActiveCfg = Release|Any CPU
		{E08DF98B-FEAB-4ED1-A769-7A4B957E6E52}.Release|Any CPU.Build.0 = Release|Any CPU
		{1A561232-2A2C-4BDA-A053-E23CB0885580}.Debug|Any CPU.ActiveCfg = Debug|Any CPU
		{1A561232-2A2C-4BDA-A053-E23CB0885580}.Debug|Any CPU.Build.0 = Debug|Any CPU
		{1A561232-2A2C-4BDA-A053-E23CB0885580}.Release|Any CPU.ActiveCfg = Release|Any CPU
		{1A561232-2A2C-4BDA-A053-E23CB0885580}.Release|Any CPU.Build.0 = Release|Any CPU
		{50197DE3-47E9-48ED-B70E-8BAC531F253D}.Debug|Any CPU.ActiveCfg = Debug|Any CPU
		{50197DE3-47E9-48ED-B70E-8BAC531F253D}.Debug|Any CPU.Build.0 = Debug|Any CPU
		{50197DE3-47E9-48ED-B70E-8BAC531F253D}.Release|Any CPU.ActiveCfg = Release|Any CPU
		{50197DE3-47E9-48ED-B70E-8BAC531F253D}.Release|Any CPU.Build.0 = Release|Any CPU
		{7C6E2C3C-EE1C-4787-B632-EDD1082AF21A}.Debug|Any CPU.ActiveCfg = Debug|Any CPU
		{7C6E2C3C-EE1C-4787-B632-EDD1082AF21A}.Debug|Any CPU.Build.0 = Debug|Any CPU
		{7C6E2C3C-EE1C-4787-B632-EDD1082AF21A}.Release|Any CPU.ActiveCfg = Release|Any CPU
		{7C6E2C3C-EE1C-4787-B632-EDD1082AF21A}.Release|Any CPU.Build.0 = Release|Any CPU
	EndGlobalSection
	GlobalSection(SolutionProperties) = preSolution
		HideSolutionNode = FALSE
	EndGlobalSection
	GlobalSection(ExtensibilityGlobals) = postSolution
		SolutionGuid = {C3C5DE2A-3A84-48E5-8D08-D9F7DB6A4914}
	EndGlobalSection
EndGlobal
